
Microsoft Visual Studio Solution File, Format Version 12.00
# Visual Studio 15
VisualStudioVersion = 15.0.28307.1169
MinimumVisualStudioVersion = 10.0.40219.1
Project("{FAE04EC0-301F-11D3-BF4B-00C04F79EFBC}") = "KCM.ServiciosInternet.Plugins", "KCM.ServiciosInternet.Plugins\KCM.ServiciosInternet.Plugins.csproj", "{AF99CDD9-9FE1-4D73-847E-74F6B2FB3C3D}"
EndProject
Project("{FAE04EC0-301F-11D3-BF4B-00C04F79EFBC}") = "KCM.ServiciosInternet.Plugins.Entities", "KCM.ServiciosInternet.Plugins.Data\KCM.ServiciosInternet.Plugins.Entities.csproj", "{66630BB2-C0CD-4669-AF32-DEB78F62E9A4}"
EndProject
Project("{FAE04EC0-301F-11D3-BF4B-00C04F79EFBC}") = "KCM.ServiciosInternet.Plugins.Business", "KCM.ServiciosInternet.Plugins.Business\KCM.ServiciosInternet.Plugins.Business.csproj", "{C19E4AFD-6723-4C8E-9E79-0FC4CC1A0177}"
EndProject
Project("{FAE04EC0-301F-11D3-BF4B-00C04F79EFBC}") = "KCM.ServiciosInternet.Plugins.WebForms", "KCM.ServiciosInternet.Plugins.WebForms\KCM.ServiciosInternet.Plugins.WebForms.csproj", "{0FC39BFA-D8D5-489F-8E82-8EE68A374F1E}"
EndProject
Project("{FAE04EC0-301F-11D3-BF4B-00C04F79EFBC}") = "WcfLogInGiGya", "WcfLogInGiGya\WcfLogInGiGya.csproj", "{7D1E215B-83C9-478E-BE11-1A59DC1DA0CF}"
EndProject
Global
	GlobalSection(SolutionConfigurationPlatforms) = preSolution
		Debug|Any CPU = Debug|Any CPU
		Release|Any CPU = Release|Any CPU
	EndGlobalSection
	GlobalSection(ProjectConfigurationPlatforms) = postSolution
		{AF99CDD9-9FE1-4D73-847E-74F6B2FB3C3D}.Debug|Any CPU.ActiveCfg = Debug|Any CPU
		{AF99CDD9-9FE1-4D73-847E-74F6B2FB3C3D}.Debug|Any CPU.Build.0 = Debug|Any CPU
		{AF99CDD9-9FE1-4D73-847E-74F6B2FB3C3D}.Release|Any CPU.ActiveCfg = Release|Any CPU
		{AF99CDD9-9FE1-4D73-847E-74F6B2FB3C3D}.Release|Any CPU.Build.0 = Release|Any CPU
		{66630BB2-C0CD-4669-AF32-DEB78F62E9A4}.Debug|Any CPU.ActiveCfg = Debug|Any CPU
		{66630BB2-C0CD-4669-AF32-DEB78F62E9A4}.Debug|Any CPU.Build.0 = Debug|Any CPU
		{66630BB2-C0CD-4669-AF32-DEB78F62E9A4}.Release|Any CPU.ActiveCfg = Release|Any CPU
		{66630BB2-C0CD-4669-AF32-DEB78F62E9A4}.Release|Any CPU.Build.0 = Release|Any CPU
		{C19E4AFD-6723-4C8E-9E79-0FC4CC1A0177}.Debug|Any CPU.ActiveCfg = Debug|Any CPU
		{C19E4AFD-6723-4C8E-9E79-0FC4CC1A0177}.Debug|Any CPU.Build.0 = Debug|Any CPU
		{C19E4AFD-6723-4C8E-9E79-0FC4CC1A0177}.Release|Any CPU.ActiveCfg = Release|Any CPU
		{C19E4AFD-6723-4C8E-9E79-0FC4CC1A0177}.Release|Any CPU.Build.0 = Release|Any CPU
		{0FC39BFA-D8D5-489F-8E82-8EE68A374F1E}.Debug|Any CPU.ActiveCfg = Debug|Any CPU
		{0FC39BFA-D8D5-489F-8E82-8EE68A374F1E}.Debug|Any CPU.Build.0 = Debug|Any CPU
		{0FC39BFA-D8D5-489F-8E82-8EE68A374F1E}.Release|Any CPU.ActiveCfg = Release|Any CPU
		{0FC39BFA-D8D5-489F-8E82-8EE68A374F1E}.Release|Any CPU.Build.0 = Release|Any CPU
		{7D1E215B-83C9-478E-BE11-1A59DC1DA0CF}.Debug|Any CPU.ActiveCfg = Debug|Any CPU
		{7D1E215B-83C9-478E-BE11-1A59DC1DA0CF}.Debug|Any CPU.Build.0 = Debug|Any CPU
		{7D1E215B-83C9-478E-BE11-1A59DC1DA0CF}.Release|Any CPU.ActiveCfg = Release|Any CPU
		{7D1E215B-83C9-478E-BE11-1A59DC1DA0CF}.Release|Any CPU.Build.0 = Release|Any CPU
	EndGlobalSection
	GlobalSection(SolutionProperties) = preSolution
		HideSolutionNode = FALSE
	EndGlobalSection
	GlobalSection(ExtensibilityGlobals) = postSolution
		SolutionGuid = {A806E78B-8CD6-4F4D-B280-C3D10458527C}
	EndGlobalSection
EndGlobal
