
Microsoft Visual Studio Solution File, Format Version 12.00
# Visual Studio 15
VisualStudioVersion = 15.0.28307.1169
MinimumVisualStudioVersion = 10.0.40219.1
Project("{FAE04EC0-301F-11D3-BF4B-00C04F79EFBC}") = "KCM.ServiciosInternet.Plugins.Data", "KCM.ServiciosInternet.Plugins.Data\KCM.ServiciosInternet.Plugins.Data.csproj", "{66630BB2-C0CD-4669-AF32-DEB78F62E9A4}"
EndProject
Project("{FAE04EC0-301F-11D3-BF4B-00C04F79EFBC}") = "KCM.ServiciosInternet.Plugins.Business", "KCM.ServiciosInternet.Plugins.Business\KCM.ServiciosInternet.Plugins.Business.csproj", "{C19E4AFD-6723-4C8E-9E79-0FC4CC1A0177}"
EndProject
Project("{FAE04EC0-301F-11D3-BF4B-00C04F79EFBC}") = "WcfLogInGiGya", "WcfLogInGiGya\WcfLogInGiGya.csproj", "{7D1E215B-83C9-478E-BE11-1A59DC1DA0CF}"
EndProject
Project("{FAE04EC0-301F-11D3-BF4B-00C04F79EFBC}") = "KCM.ServiciosInternet.Google.Services", "KCM.ServiciosInternet.Google.Services\KCM.ServiciosInternet.Google.Services.csproj", "{E92EF58E-0137-42BC-B307-5344346E3E71}"
EndProject
Project("{FAE04EC0-301F-11D3-BF4B-00C04F79EFBC}") = "KCM.ServiciosInternet.Gigya.Services", "KCM.ServiciosInternet.Gigya.Services\KCM.ServiciosInternet.Gigya.Services.csproj", "{B8B1DF09-3A1E-493B-838F-B3E7CBB08BCA}"
EndProject
Project("{FAE04EC0-301F-11D3-BF4B-00C04F79EFBC}") = "KCM.ServiciosInternet.Common.Library", "KCM.ServiciosInternet.Common.Library\KCM.ServiciosInternet.Common.Library.csproj", "{65417FA7-B600-463F-8C04-6AD77FC51554}"
EndProject
Project("{FAE04EC0-301F-11D3-BF4B-00C04F79EFBC}") = "KCM.ServiciosInternet.Plugins.Test", "KCM.ServiciosInternet.Plugins.Test\KCM.ServiciosInternet.Plugins.Test.csproj", "{7E248749-8267-4486-BB8E-7ED3D3403C28}"
EndProject
Global
	GlobalSection(SolutionConfigurationPlatforms) = preSolution
		Debug|Any CPU = Debug|Any CPU
		Release|Any CPU = Release|Any CPU
	EndGlobalSection
	GlobalSection(ProjectConfigurationPlatforms) = postSolution
		{66630BB2-C0CD-4669-AF32-DEB78F62E9A4}.Debug|Any CPU.ActiveCfg = Debug|Any CPU
		{66630BB2-C0CD-4669-AF32-DEB78F62E9A4}.Debug|Any CPU.Build.0 = Debug|Any CPU
		{66630BB2-C0CD-4669-AF32-DEB78F62E9A4}.Release|Any CPU.ActiveCfg = Release|Any CPU
		{66630BB2-C0CD-4669-AF32-DEB78F62E9A4}.Release|Any CPU.Build.0 = Release|Any CPU
		{C19E4AFD-6723-4C8E-9E79-0FC4CC1A0177}.Debug|Any CPU.ActiveCfg = Debug|Any CPU
		{C19E4AFD-6723-4C8E-9E79-0FC4CC1A0177}.Debug|Any CPU.Build.0 = Debug|Any CPU
		{C19E4AFD-6723-4C8E-9E79-0FC4CC1A0177}.Release|Any CPU.ActiveCfg = Release|Any CPU
		{C19E4AFD-6723-4C8E-9E79-0FC4CC1A0177}.Release|Any CPU.Build.0 = Release|Any CPU
		{7D1E215B-83C9-478E-BE11-1A59DC1DA0CF}.Debug|Any CPU.ActiveCfg = Debug|Any CPU
		{7D1E215B-83C9-478E-BE11-1A59DC1DA0CF}.Debug|Any CPU.Build.0 = Debug|Any CPU
		{7D1E215B-83C9-478E-BE11-1A59DC1DA0CF}.Release|Any CPU.ActiveCfg = Release|Any CPU
		{7D1E215B-83C9-478E-BE11-1A59DC1DA0CF}.Release|Any CPU.Build.0 = Release|Any CPU
		{E92EF58E-0137-42BC-B307-5344346E3E71}.Debug|Any CPU.ActiveCfg = Debug|Any CPU
		{E92EF58E-0137-42BC-B307-5344346E3E71}.Debug|Any CPU.Build.0 = Debug|Any CPU
		{E92EF58E-0137-42BC-B307-5344346E3E71}.Release|Any CPU.ActiveCfg = Release|Any CPU
		{E92EF58E-0137-42BC-B307-5344346E3E71}.Release|Any CPU.Build.0 = Release|Any CPU
		{B8B1DF09-3A1E-493B-838F-B3E7CBB08BCA}.Debug|Any CPU.ActiveCfg = Debug|Any CPU
		{B8B1DF09-3A1E-493B-838F-B3E7CBB08BCA}.Debug|Any CPU.Build.0 = Debug|Any CPU
		{B8B1DF09-3A1E-493B-838F-B3E7CBB08BCA}.Release|Any CPU.ActiveCfg = Release|Any CPU
		{B8B1DF09-3A1E-493B-838F-B3E7CBB08BCA}.Release|Any CPU.Build.0 = Release|Any CPU
		{65417FA7-B600-463F-8C04-6AD77FC51554}.Debug|Any CPU.ActiveCfg = Debug|Any CPU
		{65417FA7-B600-463F-8C04-6AD77FC51554}.Debug|Any CPU.Build.0 = Debug|Any CPU
		{65417FA7-B600-463F-8C04-6AD77FC51554}.Release|Any CPU.ActiveCfg = Release|Any CPU
		{65417FA7-B600-463F-8C04-6AD77FC51554}.Release|Any CPU.Build.0 = Release|Any CPU
		{7E248749-8267-4486-BB8E-7ED3D3403C28}.Debug|Any CPU.ActiveCfg = Debug|Any CPU
		{7E248749-8267-4486-BB8E-7ED3D3403C28}.Debug|Any CPU.Build.0 = Debug|Any CPU
		{7E248749-8267-4486-BB8E-7ED3D3403C28}.Release|Any CPU.ActiveCfg = Release|Any CPU
		{7E248749-8267-4486-BB8E-7ED3D3403C28}.Release|Any CPU.Build.0 = Release|Any CPU
	EndGlobalSection
	GlobalSection(SolutionProperties) = preSolution
		HideSolutionNode = FALSE
	EndGlobalSection
	GlobalSection(ExtensibilityGlobals) = postSolution
		SolutionGuid = {A806E78B-8CD6-4F4D-B280-C3D10458527C}
	EndGlobalSection
EndGlobal
